
Microsoft Visual Studio Solution File, Format Version 12.00
# Visual Studio Version 16
VisualStudioVersion = 16.0.30128.74
MinimumVisualStudioVersion = 10.0.40219.1
Project("{FAE04EC0-301F-11D3-BF4B-00C04F79EFBC}") = "Profiles", "Profiles\Profiles.csproj", "{3558968D-7E06-4351-AEEE-74A6BC975A74}"
EndProject
Global
	GlobalSection(SolutionConfigurationPlatforms) = preSolution
		Debug|Any CPU = Debug|Any CPU
		Default|Any CPU = Default|Any CPU
		Release|Any CPU = Release|Any CPU
	EndGlobalSection
	GlobalSection(ProjectConfigurationPlatforms) = postSolution
		{3558968D-7E06-4351-AEEE-74A6BC975A74}.Debug|Any CPU.ActiveCfg = Debug|Any CPU
		{3558968D-7E06-4351-AEEE-74A6BC975A74}.Debug|Any CPU.Build.0 = Debug|Any CPU
		{3558968D-7E06-4351-AEEE-74A6BC975A74}.Default|Any CPU.ActiveCfg = Debug|Any CPU
		{3558968D-7E06-4351-AEEE-74A6BC975A74}.Default|Any CPU.Build.0 = Debug|Any CPU
		{3558968D-7E06-4351-AEEE-74A6BC975A74}.Release|Any CPU.ActiveCfg = Release|Any CPU
		{3558968D-7E06-4351-AEEE-74A6BC975A74}.Release|Any CPU.Build.0 = Release|Any CPU
	EndGlobalSection
	GlobalSection(SolutionProperties) = preSolution
		HideSolutionNode = FALSE
	EndGlobalSection
	GlobalSection(ExtensibilityGlobals) = postSolution
		SolutionGuid = {D838F4E3-E260-41BA-A50A-97E47B47492B}
	EndGlobalSection
EndGlobal
